
Microsoft Visual Studio Solution File, Format Version 12.00
# Visual Studio 15
VisualStudioVersion = 15.0.26124.0
MinimumVisualStudioVersion = 15.0.26124.0
Project("{2150E333-8FDC-42A3-9474-1A3956D46DE8}") = "src", "src", "{8D3A2C93-C7CB-4979-B884-B3477B079ADF}"
EndProject
Project("{FAE04EC0-301F-11D3-BF4B-00C04F79EFBC}") = "MyTeam", "src\server\MyTeam.csproj", "{C203951D-C1C6-4F39-B416-1749EF3FB1DC}"
EndProject
Project("{F2A71F9B-5D33-465A-A702-920D77279786}") = "shared", "src\shared\shared.fsproj", "{E8564D96-A526-4C4E-9C02-724B86A0AABF}"
EndProject
Project("{FAE04EC0-301F-11D3-BF4B-00C04F79EFBC}") = "Migrations", "src\database\Migrations.csproj", "{97BAA5AB-A0E1-4920-A260-69451BA3B8DD}"
EndProject
Project("{F2A71F9B-5D33-465A-A702-920D77279786}") = "services", "src\services\services.fsproj", "{C7842F30-17C3-43A7-8D6A-91486B41E79E}"
EndProject
Project("{F2A71F9B-5D33-465A-A702-920D77279786}") = "client", "src\client\src\client.fsproj", "{A6CDFA06-54CB-44F6-A75F-55BB57C6093B}"
EndProject
Global
	GlobalSection(SolutionConfigurationPlatforms) = preSolution
		Debug|Any CPU = Debug|Any CPU
		Debug|x64 = Debug|x64
		Debug|x86 = Debug|x86
		Release|Any CPU = Release|Any CPU
		Release|x64 = Release|x64
		Release|x86 = Release|x86
	EndGlobalSection
	GlobalSection(SolutionProperties) = preSolution
		HideSolutionNode = FALSE
	EndGlobalSection
	GlobalSection(ProjectConfigurationPlatforms) = postSolution
		{B29153C6-243F-4F31-A191-ED249C0550B8}.Debug|Any CPU.ActiveCfg = Debug|Any CPU
		{B29153C6-243F-4F31-A191-ED249C0550B8}.Debug|Any CPU.Build.0 = Debug|Any CPU
		{B29153C6-243F-4F31-A191-ED249C0550B8}.Debug|x64.ActiveCfg = Debug|Any CPU
		{B29153C6-243F-4F31-A191-ED249C0550B8}.Debug|x64.Build.0 = Debug|Any CPU
		{B29153C6-243F-4F31-A191-ED249C0550B8}.Debug|x86.ActiveCfg = Debug|Any CPU
		{B29153C6-243F-4F31-A191-ED249C0550B8}.Debug|x86.Build.0 = Debug|Any CPU
		{B29153C6-243F-4F31-A191-ED249C0550B8}.Release|Any CPU.ActiveCfg = Release|Any CPU
		{B29153C6-243F-4F31-A191-ED249C0550B8}.Release|Any CPU.Build.0 = Release|Any CPU
		{B29153C6-243F-4F31-A191-ED249C0550B8}.Release|x64.ActiveCfg = Release|Any CPU
		{B29153C6-243F-4F31-A191-ED249C0550B8}.Release|x64.Build.0 = Release|Any CPU
		{B29153C6-243F-4F31-A191-ED249C0550B8}.Release|x86.ActiveCfg = Release|Any CPU
		{B29153C6-243F-4F31-A191-ED249C0550B8}.Release|x86.Build.0 = Release|Any CPU
		{C203951D-C1C6-4F39-B416-1749EF3FB1DC}.Debug|Any CPU.ActiveCfg = Debug|Any CPU
		{C203951D-C1C6-4F39-B416-1749EF3FB1DC}.Debug|Any CPU.Build.0 = Debug|Any CPU
		{C203951D-C1C6-4F39-B416-1749EF3FB1DC}.Debug|x64.ActiveCfg = Debug|Any CPU
		{C203951D-C1C6-4F39-B416-1749EF3FB1DC}.Debug|x64.Build.0 = Debug|Any CPU
		{C203951D-C1C6-4F39-B416-1749EF3FB1DC}.Debug|x86.ActiveCfg = Debug|Any CPU
		{C203951D-C1C6-4F39-B416-1749EF3FB1DC}.Debug|x86.Build.0 = Debug|Any CPU
		{C203951D-C1C6-4F39-B416-1749EF3FB1DC}.Release|Any CPU.ActiveCfg = Release|Any CPU
		{C203951D-C1C6-4F39-B416-1749EF3FB1DC}.Release|Any CPU.Build.0 = Release|Any CPU
		{C203951D-C1C6-4F39-B416-1749EF3FB1DC}.Release|x64.ActiveCfg = Release|Any CPU
		{C203951D-C1C6-4F39-B416-1749EF3FB1DC}.Release|x64.Build.0 = Release|Any CPU
		{C203951D-C1C6-4F39-B416-1749EF3FB1DC}.Release|x86.ActiveCfg = Release|Any CPU
		{C203951D-C1C6-4F39-B416-1749EF3FB1DC}.Release|x86.Build.0 = Release|Any CPU
		{E8564D96-A526-4C4E-9C02-724B86A0AABF}.Debug|Any CPU.ActiveCfg = Debug|Any CPU
		{E8564D96-A526-4C4E-9C02-724B86A0AABF}.Debug|Any CPU.Build.0 = Debug|Any CPU
		{E8564D96-A526-4C4E-9C02-724B86A0AABF}.Debug|x64.ActiveCfg = Debug|Any CPU
		{E8564D96-A526-4C4E-9C02-724B86A0AABF}.Debug|x64.Build.0 = Debug|Any CPU
		{E8564D96-A526-4C4E-9C02-724B86A0AABF}.Debug|x86.ActiveCfg = Debug|Any CPU
		{E8564D96-A526-4C4E-9C02-724B86A0AABF}.Debug|x86.Build.0 = Debug|Any CPU
		{E8564D96-A526-4C4E-9C02-724B86A0AABF}.Release|Any CPU.ActiveCfg = Release|Any CPU
		{E8564D96-A526-4C4E-9C02-724B86A0AABF}.Release|Any CPU.Build.0 = Release|Any CPU
		{E8564D96-A526-4C4E-9C02-724B86A0AABF}.Release|x64.ActiveCfg = Release|Any CPU
		{E8564D96-A526-4C4E-9C02-724B86A0AABF}.Release|x64.Build.0 = Release|Any CPU
		{E8564D96-A526-4C4E-9C02-724B86A0AABF}.Release|x86.ActiveCfg = Release|Any CPU
		{E8564D96-A526-4C4E-9C02-724B86A0AABF}.Release|x86.Build.0 = Release|Any CPU
		{97BAA5AB-A0E1-4920-A260-69451BA3B8DD}.Debug|Any CPU.ActiveCfg = Debug|Any CPU
		{97BAA5AB-A0E1-4920-A260-69451BA3B8DD}.Debug|Any CPU.Build.0 = Debug|Any CPU
		{97BAA5AB-A0E1-4920-A260-69451BA3B8DD}.Debug|x64.ActiveCfg = Debug|Any CPU
		{97BAA5AB-A0E1-4920-A260-69451BA3B8DD}.Debug|x64.Build.0 = Debug|Any CPU
		{97BAA5AB-A0E1-4920-A260-69451BA3B8DD}.Debug|x86.ActiveCfg = Debug|Any CPU
		{97BAA5AB-A0E1-4920-A260-69451BA3B8DD}.Debug|x86.Build.0 = Debug|Any CPU
		{97BAA5AB-A0E1-4920-A260-69451BA3B8DD}.Release|Any CPU.ActiveCfg = Release|Any CPU
		{97BAA5AB-A0E1-4920-A260-69451BA3B8DD}.Release|Any CPU.Build.0 = Release|Any CPU
		{97BAA5AB-A0E1-4920-A260-69451BA3B8DD}.Release|x64.ActiveCfg = Release|Any CPU
		{97BAA5AB-A0E1-4920-A260-69451BA3B8DD}.Release|x64.Build.0 = Release|Any CPU
		{97BAA5AB-A0E1-4920-A260-69451BA3B8DD}.Release|x86.ActiveCfg = Release|Any CPU
		{97BAA5AB-A0E1-4920-A260-69451BA3B8DD}.Release|x86.Build.0 = Release|Any CPU
		{C7842F30-17C3-43A7-8D6A-91486B41E79E}.Debug|Any CPU.ActiveCfg = Debug|Any CPU
		{C7842F30-17C3-43A7-8D6A-91486B41E79E}.Debug|Any CPU.Build.0 = Debug|Any CPU
		{C7842F30-17C3-43A7-8D6A-91486B41E79E}.Debug|x64.ActiveCfg = Debug|Any CPU
		{C7842F30-17C3-43A7-8D6A-91486B41E79E}.Debug|x64.Build.0 = Debug|Any CPU
		{C7842F30-17C3-43A7-8D6A-91486B41E79E}.Debug|x86.ActiveCfg = Debug|Any CPU
		{C7842F30-17C3-43A7-8D6A-91486B41E79E}.Debug|x86.Build.0 = Debug|Any CPU
		{C7842F30-17C3-43A7-8D6A-91486B41E79E}.Release|Any CPU.ActiveCfg = Release|Any CPU
		{C7842F30-17C3-43A7-8D6A-91486B41E79E}.Release|Any CPU.Build.0 = Release|Any CPU
		{C7842F30-17C3-43A7-8D6A-91486B41E79E}.Release|x64.ActiveCfg = Release|Any CPU
		{C7842F30-17C3-43A7-8D6A-91486B41E79E}.Release|x64.Build.0 = Release|Any CPU
		{C7842F30-17C3-43A7-8D6A-91486B41E79E}.Release|x86.ActiveCfg = Release|Any CPU
		{C7842F30-17C3-43A7-8D6A-91486B41E79E}.Release|x86.Build.0 = Release|Any CPU
		{6BD54093-10D9-476A-8E0F-BAEFF1FDCD61}.Debug|Any CPU.ActiveCfg = Debug|Any CPU
		{6BD54093-10D9-476A-8E0F-BAEFF1FDCD61}.Debug|Any CPU.Build.0 = Debug|Any CPU
		{6BD54093-10D9-476A-8E0F-BAEFF1FDCD61}.Debug|x64.ActiveCfg = Debug|Any CPU
		{6BD54093-10D9-476A-8E0F-BAEFF1FDCD61}.Debug|x64.Build.0 = Debug|Any CPU
		{6BD54093-10D9-476A-8E0F-BAEFF1FDCD61}.Debug|x86.ActiveCfg = Debug|Any CPU
		{6BD54093-10D9-476A-8E0F-BAEFF1FDCD61}.Debug|x86.Build.0 = Debug|Any CPU
		{6BD54093-10D9-476A-8E0F-BAEFF1FDCD61}.Release|Any CPU.ActiveCfg = Release|Any CPU
		{6BD54093-10D9-476A-8E0F-BAEFF1FDCD61}.Release|Any CPU.Build.0 = Release|Any CPU
		{6BD54093-10D9-476A-8E0F-BAEFF1FDCD61}.Release|x64.ActiveCfg = Release|Any CPU
		{6BD54093-10D9-476A-8E0F-BAEFF1FDCD61}.Release|x64.Build.0 = Release|Any CPU
		{6BD54093-10D9-476A-8E0F-BAEFF1FDCD61}.Release|x86.ActiveCfg = Release|Any CPU
		{6BD54093-10D9-476A-8E0F-BAEFF1FDCD61}.Release|x86.Build.0 = Release|Any CPU
		{A6CDFA06-54CB-44F6-A75F-55BB57C6093B}.Debug|Any CPU.ActiveCfg = Debug|Any CPU
		{A6CDFA06-54CB-44F6-A75F-55BB57C6093B}.Debug|Any CPU.Build.0 = Debug|Any CPU
		{A6CDFA06-54CB-44F6-A75F-55BB57C6093B}.Debug|x64.ActiveCfg = Debug|Any CPU
		{A6CDFA06-54CB-44F6-A75F-55BB57C6093B}.Debug|x64.Build.0 = Debug|Any CPU
		{A6CDFA06-54CB-44F6-A75F-55BB57C6093B}.Debug|x86.ActiveCfg = Debug|Any CPU
		{A6CDFA06-54CB-44F6-A75F-55BB57C6093B}.Debug|x86.Build.0 = Debug|Any CPU
		{A6CDFA06-54CB-44F6-A75F-55BB57C6093B}.Release|Any CPU.ActiveCfg = Release|Any CPU
		{A6CDFA06-54CB-44F6-A75F-55BB57C6093B}.Release|Any CPU.Build.0 = Release|Any CPU
		{A6CDFA06-54CB-44F6-A75F-55BB57C6093B}.Release|x64.ActiveCfg = Release|Any CPU
		{A6CDFA06-54CB-44F6-A75F-55BB57C6093B}.Release|x64.Build.0 = Release|Any CPU
		{A6CDFA06-54CB-44F6-A75F-55BB57C6093B}.Release|x86.ActiveCfg = Release|Any CPU
		{A6CDFA06-54CB-44F6-A75F-55BB57C6093B}.Release|x86.Build.0 = Release|Any CPU
	EndGlobalSection
	GlobalSection(NestedProjects) = preSolution
		{C203951D-C1C6-4F39-B416-1749EF3FB1DC} = {8D3A2C93-C7CB-4979-B884-B3477B079ADF}
		{E8564D96-A526-4C4E-9C02-724B86A0AABF} = {8D3A2C93-C7CB-4979-B884-B3477B079ADF}
		{97BAA5AB-A0E1-4920-A260-69451BA3B8DD} = {8D3A2C93-C7CB-4979-B884-B3477B079ADF}
		{C7842F30-17C3-43A7-8D6A-91486B41E79E} = {8D3A2C93-C7CB-4979-B884-B3477B079ADF}
		{A6CDFA06-54CB-44F6-A75F-55BB57C6093B} = {8D3A2C93-C7CB-4979-B884-B3477B079ADF}
	EndGlobalSection
EndGlobal
