
Microsoft Visual Studio Solution File, Format Version 12.00
# Visual Studio 15
VisualStudioVersion = 15.0.26124.0
MinimumVisualStudioVersion = 15.0.26124.0
Project("{2150E333-8FDC-42A3-9474-1A3956D46DE8}") = "src", "src", "{8D3A2C93-C7CB-4979-B884-B3477B079ADF}"
EndProject
Project("{FAE04EC0-301F-11D3-BF4B-00C04F79EFBC}") = "Migrations", "src\database\Migrations.csproj", "{97BAA5AB-A0E1-4920-A260-69451BA3B8DD}"
EndProject
Project("{F2A71F9B-5D33-465A-A702-920D77279786}") = "server", "src\server\server.fsproj", "{2A0B501C-EE53-4159-AEB7-7655E2C1E695}"
EndProject
Project("{F2A71F9B-5D33-465A-A702-920D77279786}") = "client", "src\client\src\client.fsproj", "{8B41977A-9DAA-4E45-97C5-7C337B8B592F}"
EndProject
Global
	GlobalSection(SolutionConfigurationPlatforms) = preSolution
		Debug|Any CPU = Debug|Any CPU
		Debug|x64 = Debug|x64
		Debug|x86 = Debug|x86
		Release|Any CPU = Release|Any CPU
		Release|x64 = Release|x64
		Release|x86 = Release|x86
	EndGlobalSection
	GlobalSection(SolutionProperties) = preSolution
		HideSolutionNode = FALSE
	EndGlobalSection
	GlobalSection(ProjectConfigurationPlatforms) = postSolution
		{B29153C6-243F-4F31-A191-ED249C0550B8}.Debug|Any CPU.ActiveCfg = Debug|Any CPU
		{B29153C6-243F-4F31-A191-ED249C0550B8}.Debug|Any CPU.Build.0 = Debug|Any CPU
		{B29153C6-243F-4F31-A191-ED249C0550B8}.Debug|x64.ActiveCfg = Debug|Any CPU
		{B29153C6-243F-4F31-A191-ED249C0550B8}.Debug|x64.Build.0 = Debug|Any CPU
		{B29153C6-243F-4F31-A191-ED249C0550B8}.Debug|x86.ActiveCfg = Debug|Any CPU
		{B29153C6-243F-4F31-A191-ED249C0550B8}.Debug|x86.Build.0 = Debug|Any CPU
		{B29153C6-243F-4F31-A191-ED249C0550B8}.Release|Any CPU.ActiveCfg = Release|Any CPU
		{B29153C6-243F-4F31-A191-ED249C0550B8}.Release|Any CPU.Build.0 = Release|Any CPU
		{B29153C6-243F-4F31-A191-ED249C0550B8}.Release|x64.ActiveCfg = Release|Any CPU
		{B29153C6-243F-4F31-A191-ED249C0550B8}.Release|x64.Build.0 = Release|Any CPU
		{B29153C6-243F-4F31-A191-ED249C0550B8}.Release|x86.ActiveCfg = Release|Any CPU
		{B29153C6-243F-4F31-A191-ED249C0550B8}.Release|x86.Build.0 = Release|Any CPU
		{97BAA5AB-A0E1-4920-A260-69451BA3B8DD}.Debug|Any CPU.ActiveCfg = Debug|Any CPU
		{97BAA5AB-A0E1-4920-A260-69451BA3B8DD}.Debug|Any CPU.Build.0 = Debug|Any CPU
		{97BAA5AB-A0E1-4920-A260-69451BA3B8DD}.Debug|x64.ActiveCfg = Debug|Any CPU
		{97BAA5AB-A0E1-4920-A260-69451BA3B8DD}.Debug|x64.Build.0 = Debug|Any CPU
		{97BAA5AB-A0E1-4920-A260-69451BA3B8DD}.Debug|x86.ActiveCfg = Debug|Any CPU
		{97BAA5AB-A0E1-4920-A260-69451BA3B8DD}.Debug|x86.Build.0 = Debug|Any CPU
		{97BAA5AB-A0E1-4920-A260-69451BA3B8DD}.Release|Any CPU.ActiveCfg = Release|Any CPU
		{97BAA5AB-A0E1-4920-A260-69451BA3B8DD}.Release|Any CPU.Build.0 = Release|Any CPU
		{97BAA5AB-A0E1-4920-A260-69451BA3B8DD}.Release|x64.ActiveCfg = Release|Any CPU
		{97BAA5AB-A0E1-4920-A260-69451BA3B8DD}.Release|x64.Build.0 = Release|Any CPU
		{97BAA5AB-A0E1-4920-A260-69451BA3B8DD}.Release|x86.ActiveCfg = Release|Any CPU
		{97BAA5AB-A0E1-4920-A260-69451BA3B8DD}.Release|x86.Build.0 = Release|Any CPU
		{6BD54093-10D9-476A-8E0F-BAEFF1FDCD61}.Debug|Any CPU.ActiveCfg = Debug|Any CPU
		{6BD54093-10D9-476A-8E0F-BAEFF1FDCD61}.Debug|Any CPU.Build.0 = Debug|Any CPU
		{6BD54093-10D9-476A-8E0F-BAEFF1FDCD61}.Debug|x64.ActiveCfg = Debug|Any CPU
		{6BD54093-10D9-476A-8E0F-BAEFF1FDCD61}.Debug|x64.Build.0 = Debug|Any CPU
		{6BD54093-10D9-476A-8E0F-BAEFF1FDCD61}.Debug|x86.ActiveCfg = Debug|Any CPU
		{6BD54093-10D9-476A-8E0F-BAEFF1FDCD61}.Debug|x86.Build.0 = Debug|Any CPU
		{6BD54093-10D9-476A-8E0F-BAEFF1FDCD61}.Release|Any CPU.ActiveCfg = Release|Any CPU
		{6BD54093-10D9-476A-8E0F-BAEFF1FDCD61}.Release|Any CPU.Build.0 = Release|Any CPU
		{6BD54093-10D9-476A-8E0F-BAEFF1FDCD61}.Release|x64.ActiveCfg = Release|Any CPU
		{6BD54093-10D9-476A-8E0F-BAEFF1FDCD61}.Release|x64.Build.0 = Release|Any CPU
		{6BD54093-10D9-476A-8E0F-BAEFF1FDCD61}.Release|x86.ActiveCfg = Release|Any CPU
		{6BD54093-10D9-476A-8E0F-BAEFF1FDCD61}.Release|x86.Build.0 = Release|Any CPU
		{2A0B501C-EE53-4159-AEB7-7655E2C1E695}.Debug|Any CPU.ActiveCfg = Debug|Any CPU
		{2A0B501C-EE53-4159-AEB7-7655E2C1E695}.Debug|Any CPU.Build.0 = Debug|Any CPU
		{2A0B501C-EE53-4159-AEB7-7655E2C1E695}.Debug|x64.ActiveCfg = Debug|Any CPU
		{2A0B501C-EE53-4159-AEB7-7655E2C1E695}.Debug|x64.Build.0 = Debug|Any CPU
		{2A0B501C-EE53-4159-AEB7-7655E2C1E695}.Debug|x86.ActiveCfg = Debug|Any CPU
		{2A0B501C-EE53-4159-AEB7-7655E2C1E695}.Debug|x86.Build.0 = Debug|Any CPU
		{2A0B501C-EE53-4159-AEB7-7655E2C1E695}.Release|Any CPU.ActiveCfg = Release|Any CPU
		{2A0B501C-EE53-4159-AEB7-7655E2C1E695}.Release|Any CPU.Build.0 = Release|Any CPU
		{2A0B501C-EE53-4159-AEB7-7655E2C1E695}.Release|x64.ActiveCfg = Release|Any CPU
		{2A0B501C-EE53-4159-AEB7-7655E2C1E695}.Release|x64.Build.0 = Release|Any CPU
		{2A0B501C-EE53-4159-AEB7-7655E2C1E695}.Release|x86.ActiveCfg = Release|Any CPU
		{2A0B501C-EE53-4159-AEB7-7655E2C1E695}.Release|x86.Build.0 = Release|Any CPU
		{8B41977A-9DAA-4E45-97C5-7C337B8B592F}.Debug|Any CPU.ActiveCfg = Debug|Any CPU
		{8B41977A-9DAA-4E45-97C5-7C337B8B592F}.Debug|Any CPU.Build.0 = Debug|Any CPU
		{8B41977A-9DAA-4E45-97C5-7C337B8B592F}.Debug|x64.ActiveCfg = Debug|Any CPU
		{8B41977A-9DAA-4E45-97C5-7C337B8B592F}.Debug|x64.Build.0 = Debug|Any CPU
		{8B41977A-9DAA-4E45-97C5-7C337B8B592F}.Debug|x86.ActiveCfg = Debug|Any CPU
		{8B41977A-9DAA-4E45-97C5-7C337B8B592F}.Debug|x86.Build.0 = Debug|Any CPU
		{8B41977A-9DAA-4E45-97C5-7C337B8B592F}.Release|Any CPU.ActiveCfg = Release|Any CPU
		{8B41977A-9DAA-4E45-97C5-7C337B8B592F}.Release|Any CPU.Build.0 = Release|Any CPU
		{8B41977A-9DAA-4E45-97C5-7C337B8B592F}.Release|x64.ActiveCfg = Release|Any CPU
		{8B41977A-9DAA-4E45-97C5-7C337B8B592F}.Release|x64.Build.0 = Release|Any CPU
		{8B41977A-9DAA-4E45-97C5-7C337B8B592F}.Release|x86.ActiveCfg = Release|Any CPU
		{8B41977A-9DAA-4E45-97C5-7C337B8B592F}.Release|x86.Build.0 = Release|Any CPU
	EndGlobalSection
	GlobalSection(NestedProjects) = preSolution
		{97BAA5AB-A0E1-4920-A260-69451BA3B8DD} = {8D3A2C93-C7CB-4979-B884-B3477B079ADF}
		{2A0B501C-EE53-4159-AEB7-7655E2C1E695} = {8D3A2C93-C7CB-4979-B884-B3477B079ADF}
		{8B41977A-9DAA-4E45-97C5-7C337B8B592F} = {8D3A2C93-C7CB-4979-B884-B3477B079ADF}
	EndGlobalSection
EndGlobal
